
Microsoft Visual Studio Solution File, Format Version 12.00
# Visual Studio Version 17
VisualStudioVersion = 17.13.35919.96 d17.13
MinimumVisualStudioVersion = 10.0.40219.1
Project("{FAE04EC0-301F-11D3-BF4B-00C04F79EFBC}") = "Diamante.ConsoleApp", "Diamante.ConsoleApp\Diamante.ConsoleApp.csproj", "{8E92052B-430E-4B50-93CA-610BDF58749F}"
EndProject
Global
	GlobalSection(SolutionConfigurationPlatforms) = preSolution
		Debug|Any CPU = Debug|Any CPU
		Release|Any CPU = Release|Any CPU
	EndGlobalSection
	GlobalSection(ProjectConfigurationPlatforms) = postSolution
		{8E92052B-430E-4B50-93CA-610BDF58749F}.Debug|Any CPU.ActiveCfg = Debug|Any CPU
		{8E92052B-430E-4B50-93CA-610BDF58749F}.Debug|Any CPU.Build.0 = Debug|Any CPU
		{8E92052B-430E-4B50-93CA-610BDF58749F}.Release|Any CPU.ActiveCfg = Release|Any CPU
		{8E92052B-430E-4B50-93CA-610BDF58749F}.Release|Any CPU.Build.0 = Release|Any CPU
	EndGlobalSection
	GlobalSection(SolutionProperties) = preSolution
		HideSolutionNode = FALSE
	EndGlobalSection
	GlobalSection(ExtensibilityGlobals) = postSolution
		SolutionGuid = {2E7D595D-A230-49EE-826E-193B42C333D1}
	EndGlobalSection
EndGlobal
